
Microsoft Visual Studio Solution File, Format Version 12.00
# Visual Studio Version 16
VisualStudioVersion = 16.0.33214.272
MinimumVisualStudioVersion = 10.0.40219.1
Project("{FAE04EC0-301F-11D3-BF4B-00C04F79EFBC}") = "PictureViewer lubimova", "PictureViewer lubimova\PictureViewer lubimova.csproj", "{FCBD51EF-3E08-48E7-B946-11E079C173D6}"
EndProject
Global
	GlobalSection(SolutionConfigurationPlatforms) = preSolution
		Debug|Any CPU = Debug|Any CPU
		Release|Any CPU = Release|Any CPU
	EndGlobalSection
	GlobalSection(ProjectConfigurationPlatforms) = postSolution
		{FCBD51EF-3E08-48E7-B946-11E079C173D6}.Debug|Any CPU.ActiveCfg = Debug|Any CPU
		{FCBD51EF-3E08-48E7-B946-11E079C173D6}.Debug|Any CPU.Build.0 = Debug|Any CPU
		{FCBD51EF-3E08-48E7-B946-11E079C173D6}.Release|Any CPU.ActiveCfg = Release|Any CPU
		{FCBD51EF-3E08-48E7-B946-11E079C173D6}.Release|Any CPU.Build.0 = Release|Any CPU
	EndGlobalSection
	GlobalSection(SolutionProperties) = preSolution
		HideSolutionNode = FALSE
	EndGlobalSection
	GlobalSection(ExtensibilityGlobals) = postSolution
		SolutionGuid = {B336B050-A6CF-4630-8C00-71F8BD6C34C0}
	EndGlobalSection
EndGlobal
