
Microsoft Visual Studio Solution File, Format Version 12.00
# Visual Studio Version 17
VisualStudioVersion = 17.3.32825.248
MinimumVisualStudioVersion = 10.0.40219.1
Project("{FAE04EC0-301F-11D3-BF4B-00C04F79EFBC}") = "lubimova prakt", "lubimova prakt\lubimova prakt.csproj", "{E457DD16-126F-4EEB-80DF-45128511EA83}"
EndProject
Global
	GlobalSection(SolutionConfigurationPlatforms) = preSolution
		Debug|Any CPU = Debug|Any CPU
		Release|Any CPU = Release|Any CPU
	EndGlobalSection
	GlobalSection(ProjectConfigurationPlatforms) = postSolution
		{E457DD16-126F-4EEB-80DF-45128511EA83}.Debug|Any CPU.ActiveCfg = Debug|Any CPU
		{E457DD16-126F-4EEB-80DF-45128511EA83}.Debug|Any CPU.Build.0 = Debug|Any CPU
		{E457DD16-126F-4EEB-80DF-45128511EA83}.Release|Any CPU.ActiveCfg = Release|Any CPU
		{E457DD16-126F-4EEB-80DF-45128511EA83}.Release|Any CPU.Build.0 = Release|Any CPU
	EndGlobalSection
	GlobalSection(SolutionProperties) = preSolution
		HideSolutionNode = FALSE
	EndGlobalSection
	GlobalSection(ExtensibilityGlobals) = postSolution
		SolutionGuid = {B849CC99-FF2C-4F5B-ABE9-C390CD766F6B}
	EndGlobalSection
EndGlobal
