
Microsoft Visual Studio Solution File, Format Version 12.00
# Visual Studio Version 17
VisualStudioVersion = 17.3.32825.248
MinimumVisualStudioVersion = 10.0.40219.1
Project("{FAE04EC0-301F-11D3-BF4B-00C04F79EFBC}") = "ToursApp lubimova1", "ToursApp lubimova1\ToursApp lubimova1.csproj", "{DD449811-2992-4DAE-9ADE-F54031E1D40F}"
EndProject
Global
	GlobalSection(SolutionConfigurationPlatforms) = preSolution
		Debug|Any CPU = Debug|Any CPU
		Release|Any CPU = Release|Any CPU
	EndGlobalSection
	GlobalSection(ProjectConfigurationPlatforms) = postSolution
		{DD449811-2992-4DAE-9ADE-F54031E1D40F}.Debug|Any CPU.ActiveCfg = Debug|Any CPU
		{DD449811-2992-4DAE-9ADE-F54031E1D40F}.Debug|Any CPU.Build.0 = Debug|Any CPU
		{DD449811-2992-4DAE-9ADE-F54031E1D40F}.Release|Any CPU.ActiveCfg = Release|Any CPU
		{DD449811-2992-4DAE-9ADE-F54031E1D40F}.Release|Any CPU.Build.0 = Release|Any CPU
	EndGlobalSection
	GlobalSection(SolutionProperties) = preSolution
		HideSolutionNode = FALSE
	EndGlobalSection
	GlobalSection(ExtensibilityGlobals) = postSolution
		SolutionGuid = {0B04F0F9-B6E9-4327-AEBB-73B85C080601}
	EndGlobalSection
EndGlobal
