
Microsoft Visual Studio Solution File, Format Version 12.00
# Visual Studio Version 16
VisualStudioVersion = 16.0.33214.272
MinimumVisualStudioVersion = 10.0.40219.1
Project("{FAE04EC0-301F-11D3-BF4B-00C04F79EFBC}") = "MatchingGame lubimova", "MatchingGame lubimova\MatchingGame lubimova.csproj", "{E8E73239-54AF-4664-B2C6-73FDBC3E7F17}"
EndProject
Global
	GlobalSection(SolutionConfigurationPlatforms) = preSolution
		Debug|Any CPU = Debug|Any CPU
		Release|Any CPU = Release|Any CPU
	EndGlobalSection
	GlobalSection(ProjectConfigurationPlatforms) = postSolution
		{E8E73239-54AF-4664-B2C6-73FDBC3E7F17}.Debug|Any CPU.ActiveCfg = Debug|Any CPU
		{E8E73239-54AF-4664-B2C6-73FDBC3E7F17}.Debug|Any CPU.Build.0 = Debug|Any CPU
		{E8E73239-54AF-4664-B2C6-73FDBC3E7F17}.Release|Any CPU.ActiveCfg = Release|Any CPU
		{E8E73239-54AF-4664-B2C6-73FDBC3E7F17}.Release|Any CPU.Build.0 = Release|Any CPU
	EndGlobalSection
	GlobalSection(SolutionProperties) = preSolution
		HideSolutionNode = FALSE
	EndGlobalSection
	GlobalSection(ExtensibilityGlobals) = postSolution
		SolutionGuid = {A70AE05F-F668-4DE8-9FFB-E337D92412C8}
	EndGlobalSection
EndGlobal
